
Microsoft Visual Studio Solution File, Format Version 12.00
Project("{2150E333-8FDC-42A3-9474-1A3956D46DE8}") = "src", "src", "{6D9BA161-D161-420B-9BCB-513B9EE7EA97}"
EndProject
Project("{2150E333-8FDC-42A3-9474-1A3956D46DE8}") = "tests", "tests", "{99E479E7-FB00-462B-BB1E-8FC152EC4DE6}"
EndProject
Project("{FAE04EC0-301F-11D3-BF4B-00C04F79EFBC}") = "Application", "Application\Application.csproj", "{2A00F260-EAF9-4A9B-848C-AA509F7A2D8B}"
EndProject
Project("{FAE04EC0-301F-11D3-BF4B-00C04F79EFBC}") = "Domain", "Domain\Domain.csproj", "{88C34F39-258E-438F-85BA-B7C4C7841F73}"
EndProject
Project("{FAE04EC0-301F-11D3-BF4B-00C04F79EFBC}") = "Infrastructure", "Infrastructure\Infrastructure.csproj", "{2C911363-57CB-4B0D-8857-22BF5E9C90A4}"
EndProject
Project("{FAE04EC0-301F-11D3-BF4B-00C04F79EFBC}") = "WebAPI", "WebAPI\WebAPI.csproj", "{554F342B-CC1A-4776-92F0-3D8DAA590D8C}"
EndProject
Project("{FAE04EC0-301F-11D3-BF4B-00C04F79EFBC}") = "WebUI", "WebUI\WebUI.csproj", "{D56A4F57-BD47-4634-BED4-E393DACD7782}"
EndProject
Global
	GlobalSection(SolutionConfigurationPlatforms) = preSolution
		Debug|Any CPU = Debug|Any CPU
		Release|Any CPU = Release|Any CPU
	EndGlobalSection
	GlobalSection(NestedProjects) = preSolution
		{2A00F260-EAF9-4A9B-848C-AA509F7A2D8B} = {6D9BA161-D161-420B-9BCB-513B9EE7EA97}
		{88C34F39-258E-438F-85BA-B7C4C7841F73} = {6D9BA161-D161-420B-9BCB-513B9EE7EA97}
		{2C911363-57CB-4B0D-8857-22BF5E9C90A4} = {6D9BA161-D161-420B-9BCB-513B9EE7EA97}
		{554F342B-CC1A-4776-92F0-3D8DAA590D8C} = {6D9BA161-D161-420B-9BCB-513B9EE7EA97}
		{D56A4F57-BD47-4634-BED4-E393DACD7782} = {6D9BA161-D161-420B-9BCB-513B9EE7EA97}
	EndGlobalSection
	GlobalSection(ProjectConfigurationPlatforms) = postSolution
		{2A00F260-EAF9-4A9B-848C-AA509F7A2D8B}.Debug|Any CPU.ActiveCfg = Debug|Any CPU
		{2A00F260-EAF9-4A9B-848C-AA509F7A2D8B}.Debug|Any CPU.Build.0 = Debug|Any CPU
		{2A00F260-EAF9-4A9B-848C-AA509F7A2D8B}.Release|Any CPU.ActiveCfg = Release|Any CPU
		{2A00F260-EAF9-4A9B-848C-AA509F7A2D8B}.Release|Any CPU.Build.0 = Release|Any CPU
		{88C34F39-258E-438F-85BA-B7C4C7841F73}.Debug|Any CPU.ActiveCfg = Debug|Any CPU
		{88C34F39-258E-438F-85BA-B7C4C7841F73}.Debug|Any CPU.Build.0 = Debug|Any CPU
		{88C34F39-258E-438F-85BA-B7C4C7841F73}.Release|Any CPU.ActiveCfg = Release|Any CPU
		{88C34F39-258E-438F-85BA-B7C4C7841F73}.Release|Any CPU.Build.0 = Release|Any CPU
		{2C911363-57CB-4B0D-8857-22BF5E9C90A4}.Debug|Any CPU.ActiveCfg = Debug|Any CPU
		{2C911363-57CB-4B0D-8857-22BF5E9C90A4}.Debug|Any CPU.Build.0 = Debug|Any CPU
		{2C911363-57CB-4B0D-8857-22BF5E9C90A4}.Release|Any CPU.ActiveCfg = Release|Any CPU
		{2C911363-57CB-4B0D-8857-22BF5E9C90A4}.Release|Any CPU.Build.0 = Release|Any CPU
		{554F342B-CC1A-4776-92F0-3D8DAA590D8C}.Debug|Any CPU.ActiveCfg = Debug|Any CPU
		{554F342B-CC1A-4776-92F0-3D8DAA590D8C}.Debug|Any CPU.Build.0 = Debug|Any CPU
		{554F342B-CC1A-4776-92F0-3D8DAA590D8C}.Release|Any CPU.ActiveCfg = Release|Any CPU
		{554F342B-CC1A-4776-92F0-3D8DAA590D8C}.Release|Any CPU.Build.0 = Release|Any CPU
		{D56A4F57-BD47-4634-BED4-E393DACD7782}.Debug|Any CPU.ActiveCfg = Debug|Any CPU
		{D56A4F57-BD47-4634-BED4-E393DACD7782}.Debug|Any CPU.Build.0 = Debug|Any CPU
		{D56A4F57-BD47-4634-BED4-E393DACD7782}.Release|Any CPU.ActiveCfg = Release|Any CPU
		{D56A4F57-BD47-4634-BED4-E393DACD7782}.Release|Any CPU.Build.0 = Release|Any CPU
	EndGlobalSection
EndGlobal
